
Microsoft Visual Studio Solution File, Format Version 12.00
# Visual Studio Version 17
VisualStudioVersion = 17.9.34728.123
MinimumVisualStudioVersion = 10.0.40219.1
Project("{FAE04EC0-301F-11D3-BF4B-00C04F79EFBC}") = "TinhGT", "TinhGT.csproj", "{EB038853-45E5-4DC2-885D-7C94BFFF779E}"
EndProject
Project("{FAE04EC0-301F-11D3-BF4B-00C04F79EFBC}") = "TVGiaiThua", "ClassLibrary1\TVGiaiThua.csproj", "{D3D9FEFD-F3BB-4FAE-9F78-5E2B12F24786}"
EndProject
Project("{FAE04EC0-301F-11D3-BF4B-00C04F79EFBC}") = "TinhGT_2", "TinhGT_2\TinhGT_2.csproj", "{5D244D48-1D25-4A06-A624-EE45B95BA751}"
EndProject
Project("{FAE04EC0-301F-11D3-BF4B-00C04F79EFBC}") = "WindowsFormsApp1", "..\WindowsFormsApp1\WindowsFormsApp1.csproj", "{D67869F0-3C88-4929-A188-B68F9E3E7302}"
EndProject
Project("{FAE04EC0-301F-11D3-BF4B-00C04F79EFBC}") = "web_v1", "web_v1\web_v1.csproj", "{5DB7EF22-E161-426E-8889-14D4ADCD5188}"
EndProject
Global
	GlobalSection(SolutionConfigurationPlatforms) = preSolution
		Debug|Any CPU = Debug|Any CPU
		Release|Any CPU = Release|Any CPU
	EndGlobalSection
	GlobalSection(ProjectConfigurationPlatforms) = postSolution
		{EB038853-45E5-4DC2-885D-7C94BFFF779E}.Debug|Any CPU.ActiveCfg = Debug|Any CPU
		{EB038853-45E5-4DC2-885D-7C94BFFF779E}.Debug|Any CPU.Build.0 = Debug|Any CPU
		{EB038853-45E5-4DC2-885D-7C94BFFF779E}.Release|Any CPU.ActiveCfg = Release|Any CPU
		{EB038853-45E5-4DC2-885D-7C94BFFF779E}.Release|Any CPU.Build.0 = Release|Any CPU
		{D3D9FEFD-F3BB-4FAE-9F78-5E2B12F24786}.Debug|Any CPU.ActiveCfg = Debug|Any CPU
		{D3D9FEFD-F3BB-4FAE-9F78-5E2B12F24786}.Debug|Any CPU.Build.0 = Debug|Any CPU
		{D3D9FEFD-F3BB-4FAE-9F78-5E2B12F24786}.Release|Any CPU.ActiveCfg = Release|Any CPU
		{D3D9FEFD-F3BB-4FAE-9F78-5E2B12F24786}.Release|Any CPU.Build.0 = Release|Any CPU
		{5D244D48-1D25-4A06-A624-EE45B95BA751}.Debug|Any CPU.ActiveCfg = Debug|Any CPU
		{5D244D48-1D25-4A06-A624-EE45B95BA751}.Debug|Any CPU.Build.0 = Debug|Any CPU
		{5D244D48-1D25-4A06-A624-EE45B95BA751}.Release|Any CPU.ActiveCfg = Release|Any CPU
		{5D244D48-1D25-4A06-A624-EE45B95BA751}.Release|Any CPU.Build.0 = Release|Any CPU
		{D67869F0-3C88-4929-A188-B68F9E3E7302}.Debug|Any CPU.ActiveCfg = Debug|Any CPU
		{D67869F0-3C88-4929-A188-B68F9E3E7302}.Debug|Any CPU.Build.0 = Debug|Any CPU
		{D67869F0-3C88-4929-A188-B68F9E3E7302}.Release|Any CPU.ActiveCfg = Release|Any CPU
		{D67869F0-3C88-4929-A188-B68F9E3E7302}.Release|Any CPU.Build.0 = Release|Any CPU
		{5DB7EF22-E161-426E-8889-14D4ADCD5188}.Debug|Any CPU.ActiveCfg = Debug|Any CPU
		{5DB7EF22-E161-426E-8889-14D4ADCD5188}.Debug|Any CPU.Build.0 = Debug|Any CPU
		{5DB7EF22-E161-426E-8889-14D4ADCD5188}.Release|Any CPU.ActiveCfg = Release|Any CPU
		{5DB7EF22-E161-426E-8889-14D4ADCD5188}.Release|Any CPU.Build.0 = Release|Any CPU
	EndGlobalSection
	GlobalSection(SolutionProperties) = preSolution
		HideSolutionNode = FALSE
	EndGlobalSection
	GlobalSection(ExtensibilityGlobals) = postSolution
		SolutionGuid = {0D55D646-908A-42F6-AE2B-6B72758C47B7}
	EndGlobalSection
EndGlobal
